# This file is automatically @generated by Cargo.
# It is not intended for manual editing.
version = 3

[[package]]
name = "adler"
version = "1.0.2"
source = "registry+https://github.com/rust-lang/crates.io-index"
checksum = "f26201604c87b1e01bd3d98f8d5d9a8fcbb815e8cedb41ffccbeb4bf593a35fe"

[[package]]
name = "antlr-rust"
version = "0.3.0-beta"
source = "registry+https://github.com/rust-lang/crates.io-index"
checksum = "cfc6ab5594c6b2b7aa8719f4ecb785a268b2e0c2529042046035d5cebe9fa7d7"
dependencies = [
 "better_any",
 "bit-set",
 "byteorder",
 "lazy_static",
 "murmur3",
 "once_cell",
 "parking_lot",
 "typed-arena",
 "uuid",
]

[[package]]
name = "autocfg"
version = "1.1.0"
source = "registry+https://github.com/rust-lang/crates.io-index"
checksum = "d468802bab17cbc0cc575e9b053f41e72aa36bfa6b7f55e3529ffa43161b97fa"

[[package]]
name = "base64"
version = "0.13.0"
source = "registry+https://github.com/rust-lang/crates.io-index"
checksum = "904dfeac50f3cdaba28fc6f57fdcddb75f49ed61346676a78c4ffe55877802fd"

[[package]]
name = "better_any"
version = "0.2.0-dev.1"
source = "registry+https://github.com/rust-lang/crates.io-index"
checksum = "cad0e12c5910bf40715b2204434ac301b4456bbf7327229fa89efbe6da0e1971"

[[package]]
name = "bit-set"
version = "0.5.3"
source = "registry+https://github.com/rust-lang/crates.io-index"
checksum = "0700ddab506f33b20a03b13996eccd309a48e5ff77d0d95926aa0210fb4e95f1"
dependencies = [
 "bit-vec",
]

[[package]]
name = "bit-vec"
version = "0.6.3"
source = "registry+https://github.com/rust-lang/crates.io-index"
checksum = "349f9b6a179ed607305526ca489b34ad0a41aed5f7980fa90eb03160b69598fb"

[[package]]
name = "bitflags"
version = "1.3.2"
source = "registry+https://github.com/rust-lang/crates.io-index"
checksum = "bef38d45163c2f1dde094a7dfd33ccf595c92905c8f8f4fdc18d06fb1037718a"

[[package]]
name = "bumpalo"
version = "3.11.0"
source = "registry+https://github.com/rust-lang/crates.io-index"
checksum = "c1ad822118d20d2c234f427000d5acc36eabe1e29a348c89b63dd60b13f28e5d"

[[package]]
name = "byteorder"
version = "1.4.3"
source = "registry+https://github.com/rust-lang/crates.io-index"
checksum = "14c189c53d098945499cdfa7ecc63567cf3886b3332b312a5b4585d8d3a6a610"

[[package]]
name = "cc"
version = "1.0.73"
source = "registry+https://github.com/rust-lang/crates.io-index"
checksum = "2fff2a6927b3bb87f9595d67196a70493f627687a71d87a0d692242c33f58c11"

[[package]]
name = "cfg-if"
version = "1.0.0"
source = "registry+https://github.com/rust-lang/crates.io-index"
checksum = "baf1de4339761588bc0619e3cbc0120ee582ebb74b53b4efbf79117bd2da40fd"

[[package]]
name = "chunked_transfer"
version = "1.4.0"
source = "registry+https://github.com/rust-lang/crates.io-index"
checksum = "fff857943da45f546682664a79488be82e69e43c1a7a2307679ab9afb3a66d2e"

[[package]]
name = "cierra"
version = "0.1.0"
dependencies = [
 "antlr-rust",
 "glob",
 "insta",
 "itertools",
 "ureq",
]

[[package]]
name = "console"
version = "0.15.1"
source = "registry+https://github.com/rust-lang/crates.io-index"
checksum = "89eab4d20ce20cea182308bca13088fecea9c05f6776cf287205d41a0ed3c847"
dependencies = [
 "encode_unicode",
 "libc",
 "once_cell",
 "terminal_size",
 "winapi",
]

[[package]]
name = "crc32fast"
version = "1.3.2"
source = "registry+https://github.com/rust-lang/crates.io-index"
checksum = "b540bd8bc810d3885c6ea91e2018302f68baba2129ab3e88f32389ee9370880d"
dependencies = [
 "cfg-if",
]

[[package]]
name = "either"
version = "1.8.0"
source = "registry+https://github.com/rust-lang/crates.io-index"
checksum = "90e5c1c8368803113bf0c9584fc495a58b86dc8a29edbf8fe877d21d9507e797"

[[package]]
name = "encode_unicode"
version = "0.3.6"
source = "registry+https://github.com/rust-lang/crates.io-index"
checksum = "a357d28ed41a50f9c765dbfe56cbc04a64e53e5fc58ba79fbc34c10ef3df831f"

[[package]]
name = "flate2"
version = "1.0.24"
source = "registry+https://github.com/rust-lang/crates.io-index"
checksum = "f82b0f4c27ad9f8bfd1f3208d882da2b09c301bc1c828fd3a00d0216d2fbbff6"
dependencies = [
 "crc32fast",
 "miniz_oxide",
]

[[package]]
name = "form_urlencoded"
version = "1.0.1"
source = "registry+https://github.com/rust-lang/crates.io-index"
checksum = "5fc25a87fa4fd2094bffb06925852034d90a17f0d1e05197d4956d3555752191"
dependencies = [
 "matches",
 "percent-encoding",
]

[[package]]
name = "glob"
version = "0.3.0"
source = "registry+https://github.com/rust-lang/crates.io-index"
checksum = "9b919933a397b79c37e33b77bb2aa3dc8eb6e165ad809e58ff75bc7db2e34574"

[[package]]
name = "idna"
version = "0.2.3"
source = "registry+https://github.com/rust-lang/crates.io-index"
checksum = "418a0a6fab821475f634efe3ccc45c013f742efe03d853e8d3355d5cb850ecf8"
dependencies = [
 "matches",
 "unicode-bidi",
 "unicode-normalization",
]

[[package]]
name = "insta"
version = "1.19.1"
source = "registry+https://github.com/rust-lang/crates.io-index"
checksum = "fc61e98be01e89296f3343a878e9f8ca75a494cb5aaf29df65ef55734aeb85f5"
dependencies = [
 "console",
 "linked-hash-map",
 "once_cell",
 "similar",
 "yaml-rust",
]

[[package]]
name = "instant"
version = "0.1.12"
source = "registry+https://github.com/rust-lang/crates.io-index"
checksum = "7a5bbe824c507c5da5956355e86a746d82e0e1464f65d862cc5e71da70e94b2c"
dependencies = [
 "cfg-if",
]

[[package]]
name = "itertools"
version = "0.10.3"
source = "registry+https://github.com/rust-lang/crates.io-index"
checksum = "a9a9d19fa1e79b6215ff29b9d6880b706147f16e9b1dbb1e4e5947b5b02bc5e3"
dependencies = [
 "either",
]

[[package]]
name = "js-sys"
version = "0.3.59"
source = "registry+https://github.com/rust-lang/crates.io-index"
checksum = "258451ab10b34f8af53416d1fdab72c22e805f0c92a1136d59470ec0b11138b2"
dependencies = [
 "wasm-bindgen",
]

[[package]]
name = "lazy_static"
version = "1.4.0"
source = "registry+https://github.com/rust-lang/crates.io-index"
checksum = "e2abad23fbc42b3700f2f279844dc832adb2b2eb069b2df918f455c4e18cc646"

[[package]]
name = "libc"
version = "0.2.132"
source = "registry+https://github.com/rust-lang/crates.io-index"
checksum = "8371e4e5341c3a96db127eb2465ac681ced4c433e01dd0e938adbef26ba93ba5"

[[package]]
name = "linked-hash-map"
version = "0.5.6"
source = "registry+https://github.com/rust-lang/crates.io-index"
checksum = "0717cef1bc8b636c6e1c1bbdefc09e6322da8a9321966e8928ef80d20f7f770f"

[[package]]
name = "lock_api"
version = "0.4.8"
source = "registry+https://github.com/rust-lang/crates.io-index"
checksum = "9f80bf5aacaf25cbfc8210d1cfb718f2bf3b11c4c54e5afe36c236853a8ec390"
dependencies = [
 "autocfg",
 "scopeguard",
]

[[package]]
name = "log"
version = "0.4.17"
source = "registry+https://github.com/rust-lang/crates.io-index"
checksum = "abb12e687cfb44aa40f41fc3978ef76448f9b6038cad6aef4259d3c095a2382e"
dependencies = [
 "cfg-if",
]

[[package]]
name = "matches"
version = "0.1.9"
source = "registry+https://github.com/rust-lang/crates.io-index"
checksum = "a3e378b66a060d48947b590737b30a1be76706c8dd7b8ba0f2fe3989c68a853f"

[[package]]
name = "miniz_oxide"
version = "0.5.4"
source = "registry+https://github.com/rust-lang/crates.io-index"
checksum = "96590ba8f175222643a85693f33d26e9c8a015f599c216509b1a6894af675d34"
dependencies = [
 "adler",
]

[[package]]
name = "murmur3"
version = "0.4.1"
source = "registry+https://github.com/rust-lang/crates.io-index"
checksum = "a198f9589efc03f544388dfc4a19fe8af4323662b62f598b8dcfdac62c14771c"
dependencies = [
 "byteorder",
]

[[package]]
name = "once_cell"
version = "1.14.0"
source = "registry+https://github.com/rust-lang/crates.io-index"
checksum = "2f7254b99e31cad77da24b08ebf628882739a608578bb1bcdfc1f9c21260d7c0"

[[package]]
name = "parking_lot"
version = "0.11.2"
source = "registry+https://github.com/rust-lang/crates.io-index"
checksum = "7d17b78036a60663b797adeaee46f5c9dfebb86948d1255007a1d6be0271ff99"
dependencies = [
 "instant",
 "lock_api",
 "parking_lot_core",
]

[[package]]
name = "parking_lot_core"
version = "0.8.5"
source = "registry+https://github.com/rust-lang/crates.io-index"
checksum = "d76e8e1493bcac0d2766c42737f34458f1c8c50c0d23bcb24ea953affb273216"
dependencies = [
 "cfg-if",
 "instant",
 "libc",
 "redox_syscall",
 "smallvec",
 "winapi",
]

[[package]]
name = "percent-encoding"
version = "2.1.0"
source = "registry+https://github.com/rust-lang/crates.io-index"
checksum = "d4fd5641d01c8f18a23da7b6fe29298ff4b55afcccdf78973b24cf3175fee32e"

[[package]]
name = "proc-macro2"
version = "1.0.43"
source = "registry+https://github.com/rust-lang/crates.io-index"
checksum = "0a2ca2c61bc9f3d74d2886294ab7b9853abd9c1ad903a3ac7815c58989bb7bab"
dependencies = [
 "unicode-ident",
]

[[package]]
name = "quote"
version = "1.0.21"
source = "registry+https://github.com/rust-lang/crates.io-index"
checksum = "bbe448f377a7d6961e30f5955f9b8d106c3f5e449d493ee1b125c1d43c2b5179"
dependencies = [
 "proc-macro2",
]

[[package]]
name = "redox_syscall"
version = "0.2.16"
source = "registry+https://github.com/rust-lang/crates.io-index"
checksum = "fb5a58c1855b4b6819d59012155603f0b22ad30cad752600aadfcb695265519a"
dependencies = [
 "bitflags",
]

[[package]]
name = "ring"
version = "0.16.20"
source = "registry+https://github.com/rust-lang/crates.io-index"
checksum = "3053cf52e236a3ed746dfc745aa9cacf1b791d846bdaf412f60a8d7d6e17c8fc"
dependencies = [
 "cc",
 "libc",
 "once_cell",
 "spin",
 "untrusted",
 "web-sys",
 "winapi",
]

[[package]]
name = "rustls"
version = "0.20.6"
source = "registry+https://github.com/rust-lang/crates.io-index"
checksum = "5aab8ee6c7097ed6057f43c187a62418d0c05a4bd5f18b3571db50ee0f9ce033"
dependencies = [
 "log",
 "ring",
 "sct",
 "webpki",
]

[[package]]
name = "scopeguard"
version = "1.1.0"
source = "registry+https://github.com/rust-lang/crates.io-index"
checksum = "d29ab0c6d3fc0ee92fe66e2d99f700eab17a8d57d1c1d3b748380fb20baa78cd"

[[package]]
name = "sct"
version = "0.7.0"
source = "registry+https://github.com/rust-lang/crates.io-index"
checksum = "d53dcdb7c9f8158937a7981b48accfd39a43af418591a5d008c7b22b5e1b7ca4"
dependencies = [
 "ring",
 "untrusted",
]

[[package]]
name = "similar"
version = "2.2.0"
source = "registry+https://github.com/rust-lang/crates.io-index"
checksum = "62ac7f900db32bf3fd12e0117dd3dc4da74bc52ebaac97f39668446d89694803"

[[package]]
name = "smallvec"
version = "1.9.0"
source = "registry+https://github.com/rust-lang/crates.io-index"
checksum = "2fd0db749597d91ff862fd1d55ea87f7855a744a8425a64695b6fca237d1dad1"

[[package]]
name = "spin"
version = "0.5.2"
source = "registry+https://github.com/rust-lang/crates.io-index"
checksum = "6e63cff320ae2c57904679ba7cb63280a3dc4613885beafb148ee7bf9aa9042d"

[[package]]
name = "syn"
version = "1.0.99"
source = "registry+https://github.com/rust-lang/crates.io-index"
checksum = "58dbef6ec655055e20b86b15a8cc6d439cca19b667537ac6a1369572d151ab13"
dependencies = [
 "proc-macro2",
 "quote",
 "unicode-ident",
]

[[package]]
name = "terminal_size"
version = "0.1.17"
source = "registry+https://github.com/rust-lang/crates.io-index"
checksum = "633c1a546cee861a1a6d0dc69ebeca693bf4296661ba7852b9d21d159e0506df"
dependencies = [
 "libc",
 "winapi",
]

[[package]]
name = "tinyvec"
version = "1.6.0"
source = "registry+https://github.com/rust-lang/crates.io-index"
checksum = "87cc5ceb3875bb20c2890005a4e226a4651264a5c75edb2421b52861a0a0cb50"
dependencies = [
 "tinyvec_macros",
]

[[package]]
name = "tinyvec_macros"
version = "0.1.0"
source = "registry+https://github.com/rust-lang/crates.io-index"
checksum = "cda74da7e1a664f795bb1f8a87ec406fb89a02522cf6e50620d016add6dbbf5c"

[[package]]
name = "typed-arena"
version = "2.0.1"
source = "registry+https://github.com/rust-lang/crates.io-index"
checksum = "0685c84d5d54d1c26f7d3eb96cd41550adb97baed141a761cf335d3d33bcd0ae"

[[package]]
name = "unicode-bidi"
version = "0.3.8"
source = "registry+https://github.com/rust-lang/crates.io-index"
checksum = "099b7128301d285f79ddd55b9a83d5e6b9e97c92e0ea0daebee7263e932de992"

[[package]]
name = "unicode-ident"
version = "1.0.3"
source = "registry+https://github.com/rust-lang/crates.io-index"
checksum = "c4f5b37a154999a8f3f98cc23a628d850e154479cd94decf3414696e12e31aaf"

[[package]]
name = "unicode-normalization"
version = "0.1.21"
source = "registry+https://github.com/rust-lang/crates.io-index"
checksum = "854cbdc4f7bc6ae19c820d44abdc3277ac3e1b2b93db20a636825d9322fb60e6"
dependencies = [
 "tinyvec",
]

[[package]]
name = "untrusted"
version = "0.7.1"
source = "registry+https://github.com/rust-lang/crates.io-index"
checksum = "a156c684c91ea7d62626509bce3cb4e1d9ed5c4d978f7b4352658f96a4c26b4a"

[[package]]
name = "ureq"
version = "2.5.0"
source = "registry+https://github.com/rust-lang/crates.io-index"
checksum = "b97acb4c28a254fd7a4aeec976c46a7fa404eac4d7c134b30c75144846d7cb8f"
dependencies = [
 "base64",
 "chunked_transfer",
 "flate2",
 "log",
 "once_cell",
 "rustls",
 "url",
 "webpki",
 "webpki-roots",
]

[[package]]
name = "url"
version = "2.2.2"
source = "registry+https://github.com/rust-lang/crates.io-index"
checksum = "a507c383b2d33b5fc35d1861e77e6b383d158b2da5e14fe51b83dfedf6fd578c"
dependencies = [
 "form_urlencoded",
 "idna",
 "matches",
 "percent-encoding",
]

[[package]]
name = "uuid"
version = "0.8.2"
source = "registry+https://github.com/rust-lang/crates.io-index"
checksum = "bc5cf98d8186244414c848017f0e2676b3fcb46807f6668a97dfe67359a3c4b7"

[[package]]
name = "wasm-bindgen"
version = "0.2.82"
source = "registry+https://github.com/rust-lang/crates.io-index"
checksum = "fc7652e3f6c4706c8d9cd54832c4a4ccb9b5336e2c3bd154d5cccfbf1c1f5f7d"
dependencies = [
 "cfg-if",
 "wasm-bindgen-macro",
]

[[package]]
name = "wasm-bindgen-backend"
version = "0.2.82"
source = "registry+https://github.com/rust-lang/crates.io-index"
checksum = "662cd44805586bd52971b9586b1df85cdbbd9112e4ef4d8f41559c334dc6ac3f"
dependencies = [
 "bumpalo",
 "log",
 "once_cell",
 "proc-macro2",
 "quote",
 "syn",
 "wasm-bindgen-shared",
]

[[package]]
name = "wasm-bindgen-macro"
version = "0.2.82"
source = "registry+https://github.com/rust-lang/crates.io-index"
checksum = "b260f13d3012071dfb1512849c033b1925038373aea48ced3012c09df952c602"
dependencies = [
 "quote",
 "wasm-bindgen-macro-support",
]

[[package]]
name = "wasm-bindgen-macro-support"
version = "0.2.82"
source = "registry+https://github.com/rust-lang/crates.io-index"
checksum = "5be8e654bdd9b79216c2929ab90721aa82faf65c48cdf08bdc4e7f51357b80da"
dependencies = [
 "proc-macro2",
 "quote",
 "syn",
 "wasm-bindgen-backend",
 "wasm-bindgen-shared",
]

[[package]]
name = "wasm-bindgen-shared"
version = "0.2.82"
source = "registry+https://github.com/rust-lang/crates.io-index"
checksum = "6598dd0bd3c7d51095ff6531a5b23e02acdc81804e30d8f07afb77b7215a140a"

[[package]]
name = "web-sys"
version = "0.3.59"
source = "registry+https://github.com/rust-lang/crates.io-index"
checksum = "ed055ab27f941423197eb86b2035720b1a3ce40504df082cac2ecc6ed73335a1"
dependencies = [
 "js-sys",
 "wasm-bindgen",
]

[[package]]
name = "webpki"
version = "0.22.0"
source = "registry+https://github.com/rust-lang/crates.io-index"
checksum = "f095d78192e208183081cc07bc5515ef55216397af48b873e5edcd72637fa1bd"
dependencies = [
 "ring",
 "untrusted",
]

[[package]]
name = "webpki-roots"
version = "0.22.4"
source = "registry+https://github.com/rust-lang/crates.io-index"
checksum = "f1c760f0d366a6c24a02ed7816e23e691f5d92291f94d15e836006fd11b04daf"
dependencies = [
 "webpki",
]

[[package]]
name = "winapi"
version = "0.3.9"
source = "registry+https://github.com/rust-lang/crates.io-index"
checksum = "5c839a674fcd7a98952e593242ea400abe93992746761e38641405d28b00f419"
dependencies = [
 "winapi-i686-pc-windows-gnu",
 "winapi-x86_64-pc-windows-gnu",
]

[[package]]
name = "winapi-i686-pc-windows-gnu"
version = "0.4.0"
source = "registry+https://github.com/rust-lang/crates.io-index"
checksum = "ac3b87c63620426dd9b991e5ce0329eff545bccbbb34f3be09ff6fb6ab51b7b6"

[[package]]
name = "winapi-x86_64-pc-windows-gnu"
version = "0.4.0"
source = "registry+https://github.com/rust-lang/crates.io-index"
checksum = "712e227841d057c1ee1cd2fb22fa7e5a5461ae8e48fa2ca79ec42cfc1931183f"

[[package]]
name = "yaml-rust"
version = "0.4.5"
source = "registry+https://github.com/rust-lang/crates.io-index"
checksum = "56c1936c4cc7a1c9ab21a1ebb602eb942ba868cbd44a99cb7cdc5892335e1c85"
dependencies = [
 "linked-hash-map",
]
