{
  "nodes": {
    "antlr4-rust-unwrapped": {
      "flake": false,
      "locked": {
        "narHash": "sha256-apLSrQqqLKXiKVT8LAxO3i4LbZQqvj0b8AicoyYpuE4=",
        "type": "file",
        "url": "https://github.com/rrevenantt/antlr4rust/releases/download/antlr4-4.8-2-Rust0.3.0-beta/antlr4-4.8-2-SNAPSHOT-complete.jar"
      },
      "original": {
        "type": "file",
        "url": "https://github.com/rrevenantt/antlr4rust/releases/download/antlr4-4.8-2-Rust0.3.0-beta/antlr4-4.8-2-SNAPSHOT-complete.jar"
      }
    },
    "flake-utils": {
      "locked": {
        "lastModified": 1659877975,
        "narHash": "sha256-zllb8aq3YO3h8B/U0/J1WBgAL8EX5yWf5pMj3G0NAmc=",
        "owner": "numtide",
        "repo": "flake-utils",
        "rev": "c0e246b9b83f637f4681389ecabcb2681b4f3af0",
        "type": "github"
      },
      "original": {
        "owner": "numtide",
        "repo": "flake-utils",
        "type": "github"
      }
    },
    "flake-utils_2": {
      "locked": {
        "lastModified": 1659877975,
        "narHash": "sha256-zllb8aq3YO3h8B/U0/J1WBgAL8EX5yWf5pMj3G0NAmc=",
        "owner": "numtide",
        "repo": "flake-utils",
        "rev": "c0e246b9b83f637f4681389ecabcb2681b4f3af0",
        "type": "github"
      },
      "original": {
        "owner": "numtide",
        "repo": "flake-utils",
        "type": "github"
      }
    },
    "naersk": {
      "inputs": {
        "nixpkgs": "nixpkgs"
      },
      "locked": {
        "lastModified": 1662220400,
        "narHash": "sha256-9o2OGQqu4xyLZP9K6kNe1pTHnyPz0Wr3raGYnr9AIgY=",
        "owner": "nix-community",
        "repo": "naersk",
        "rev": "6944160c19cb591eb85bbf9b2f2768a935623ed3",
        "type": "github"
      },
      "original": {
        "owner": "nix-community",
        "repo": "naersk",
        "type": "github"
      }
    },
    "nixpkgs": {
      "locked": {
        "lastModified": 1666688649,
        "narHash": "sha256-i1Tq2VgXbEZKgjM2p2OqZdxcnK4FZjRZ9Oy4Ewx8gjA=",
        "owner": "NixOS",
        "repo": "nixpkgs",
        "rev": "03a00f66fc4e893dccba1579df6d0c83852e1c2c",
        "type": "github"
      },
      "original": {
        "id": "nixpkgs",
        "type": "indirect"
      }
    },
    "nixpkgs_2": {
      "locked": {
        "lastModified": 1666688649,
        "narHash": "sha256-i1Tq2VgXbEZKgjM2p2OqZdxcnK4FZjRZ9Oy4Ewx8gjA=",
        "owner": "NixOS",
        "repo": "nixpkgs",
        "rev": "03a00f66fc4e893dccba1579df6d0c83852e1c2c",
        "type": "github"
      },
      "original": {
        "owner": "NixOS",
        "ref": "nixpkgs-unstable",
        "repo": "nixpkgs",
        "type": "github"
      }
    },
    "nixpkgs_3": {
      "locked": {
        "lastModified": 1665296151,
        "narHash": "sha256-uOB0oxqxN9K7XGF1hcnY+PQnlQJ+3bP2vCn/+Ru/bbc=",
        "owner": "NixOS",
        "repo": "nixpkgs",
        "rev": "14ccaaedd95a488dd7ae142757884d8e125b3363",
        "type": "github"
      },
      "original": {
        "owner": "NixOS",
        "ref": "nixpkgs-unstable",
        "repo": "nixpkgs",
        "type": "github"
      }
    },
    "root": {
      "inputs": {
        "antlr4-rust-unwrapped": "antlr4-rust-unwrapped",
        "flake-utils": "flake-utils",
        "naersk": "naersk",
        "nixpkgs": "nixpkgs_2",
        "rust-overlay": "rust-overlay"
      }
    },
    "rust-overlay": {
      "inputs": {
        "flake-utils": "flake-utils_2",
        "nixpkgs": "nixpkgs_3"
      },
      "locked": {
        "lastModified": 1666667027,
        "narHash": "sha256-MUJa0T8j5cy3eE70hoL1KW52VfTcXm4VbwvdF5scs1g=",
        "owner": "oxalica",
        "repo": "rust-overlay",
        "rev": "79b6e66bb76537c96707703f08630765e46148d1",
        "type": "github"
      },
      "original": {
        "owner": "oxalica",
        "repo": "rust-overlay",
        "type": "github"
      }
    }
  },
  "root": "root",
  "version": 7
}
